
Microsoft Visual Studio Solution File, Format Version 12.00
# Visual Studio Version 17
VisualStudioVersion = 17.1.32319.34
MinimumVisualStudioVersion = 10.0.40219.1
Project("{FAE04EC0-301F-11D3-BF4B-00C04F79EFBC}") = "Conversion-API", "Conversion-API\Conversion-API.csproj", "{9F4EABDF-C6D0-4741-B949-65F8831ECC57}"
EndProject
Global
	GlobalSection(SolutionConfigurationPlatforms) = preSolution
		Debug|Any CPU = Debug|Any CPU
		Release|Any CPU = Release|Any CPU
	EndGlobalSection
	GlobalSection(ProjectConfigurationPlatforms) = postSolution
		{9F4EABDF-C6D0-4741-B949-65F8831ECC57}.Debug|Any CPU.ActiveCfg = Debug|Any CPU
		{9F4EABDF-C6D0-4741-B949-65F8831ECC57}.Debug|Any CPU.Build.0 = Debug|Any CPU
		{9F4EABDF-C6D0-4741-B949-65F8831ECC57}.Release|Any CPU.ActiveCfg = Release|Any CPU
		{9F4EABDF-C6D0-4741-B949-65F8831ECC57}.Release|Any CPU.Build.0 = Release|Any CPU
	EndGlobalSection
	GlobalSection(SolutionProperties) = preSolution
		HideSolutionNode = FALSE
	EndGlobalSection
	GlobalSection(ExtensibilityGlobals) = postSolution
		SolutionGuid = {A9D84B96-A842-4DC7-9A2B-22A92125426F}
	EndGlobalSection
EndGlobal
